# THIS IS AN AUTOGENERATED FILE. DO NOT EDIT THIS FILE DIRECTLY.
# yarn lockfile v1


"@ionic/core@4.11.1":
  version "4.11.1"
  resolved "https://registry.yarnpkg.com/@ionic/core/-/core-4.11.1.tgz#0274be8facb4ca0d73e35bf8a9d43cedabd08f41"
  integrity sha512-TYUDG65Db5S0f7iVIyUKtGzsFNTIONqCejKAtWHifFLdBaQEP6U8kbfDKVAIY5703NOJzzNR5Vi5mTp2mtaZIw==
  dependencies:
    ionicons "^4.6.3"
    tslib "^1.10.0"

"@ionic/react@^4.11.1":
  version "4.11.1"
  resolved "https://registry.yarnpkg.com/@ionic/react/-/react-4.11.1.tgz#1fce8f1b72732937f059017a077a322b35567d07"
  integrity sha512-84thDIi/9VzCQg5wa62OmZ58dpRiYlp+mn4L0xkiyXd8gCgypRV6rIkTsMYrFEwT3Vp/VQerfPrsVE1iamB5HQ==
  dependencies:
    "@ionic/core" "4.11.1"
    tslib "*"

"@types/prop-types@*":
  version "15.7.0"
  resolved "https://registry.yarnpkg.com/@types/prop-types/-/prop-types-15.7.0.tgz#4c48fed958d6dcf9487195a0ef6456d5f6e0163a"
  integrity sha512-eItQyV43bj4rR3JPV0Skpl1SncRCdziTEK9/v8VwXmV6d/qOUO8/EuWeHBbCZcsfSHfzI5UyMJLCSXtxxznyZg==

"@types/react@^16.8":
  version "16.8.4"
  resolved "https://registry.yarnpkg.com/@types/react/-/react-16.8.4.tgz#134307f5266e866d5e7c25e47f31f9abd5b2ea34"
  integrity sha512-Mpz1NNMJvrjf0GcDqiK8+YeOydXfD8Mgag3UtqQ5lXYTsMnOiHcKmO48LiSWMb1rSHB9MV/jlgyNzeAVxWMZRQ==
  dependencies:
    "@types/prop-types" "*"
    csstype "^2.2.0"

csstype@^2.2.0:
  version "2.6.1"
  resolved "https://registry.yarnpkg.com/csstype/-/csstype-2.6.1.tgz#4cfbf637a577497036ebcd7e32647ef19a0b8076"
  integrity sha512-wv7IRqCGsL7WGKB8gPvrl+++HlFM9kxAM6jL1EXNPNTshEJYilMkbfS2SnuHha77uosp/YVK0wAp2jmlBzn1tg==

ionicons@^4.6.3:
  version "4.6.3"
  resolved "https://registry.yarnpkg.com/ionicons/-/ionicons-4.6.3.tgz#e4f3a3e9b66761eb8c0db27798cc1a8ce97777d2"
  integrity sha512-cgP+VIr2cTJpMfFyVHTerq6n2jeoiGboVoe3GlaAo5zoSBDAEXORwUZhv6m+lCyxlsHCS3nqPUE+MKyZU71t8Q==

tslib@*, tslib@^1.10.0:
  version "1.10.0"
  resolved "https://registry.yarnpkg.com/tslib/-/tslib-1.10.0.tgz#c3c19f95973fb0a62973fb09d90d961ee43e5c8a"
  integrity sha512-qOebF53frne81cf0S9B41ByenJ3/IuH8yJKngAX35CmiZySA0khhkovshKK+jGCaMnVomla7gVlIcc3EvKPbTQ==
